
Microsoft Visual Studio Solution File, Format Version 12.00
# Visual Studio 14
VisualStudioVersion = 14.0.25420.1
MinimumVisualStudioVersion = 10.0.40219.1
Project("{FAE04EC0-301F-11D3-BF4B-00C04F79EFBC}") = "Win.EmpaquesZamora", "Win.EmpaquesZamora\Win.EmpaquesZamora.csproj", "{98924E42-5696-40B0-A74B-A3F451B056A6}"
EndProject
Project("{FAE04EC0-301F-11D3-BF4B-00C04F79EFBC}") = "BL.Empaques", "BL.Empaques\BL.Empaques.csproj", "{306413EE-2CEE-42EF-800B-B19DC30B220B}"
EndProject
Global
	GlobalSection(SolutionConfigurationPlatforms) = preSolution
		Debug|Any CPU = Debug|Any CPU
		Release|Any CPU = Release|Any CPU
	EndGlobalSection
	GlobalSection(ProjectConfigurationPlatforms) = postSolution
		{98924E42-5696-40B0-A74B-A3F451B056A6}.Debug|Any CPU.ActiveCfg = Debug|Any CPU
		{98924E42-5696-40B0-A74B-A3F451B056A6}.Debug|Any CPU.Build.0 = Debug|Any CPU
		{98924E42-5696-40B0-A74B-A3F451B056A6}.Release|Any CPU.ActiveCfg = Release|Any CPU
		{98924E42-5696-40B0-A74B-A3F451B056A6}.Release|Any CPU.Build.0 = Release|Any CPU
		{306413EE-2CEE-42EF-800B-B19DC30B220B}.Debug|Any CPU.ActiveCfg = Debug|Any CPU
		{306413EE-2CEE-42EF-800B-B19DC30B220B}.Debug|Any CPU.Build.0 = Debug|Any CPU
		{306413EE-2CEE-42EF-800B-B19DC30B220B}.Release|Any CPU.ActiveCfg = Release|Any CPU
		{306413EE-2CEE-42EF-800B-B19DC30B220B}.Release|Any CPU.Build.0 = Release|Any CPU
	EndGlobalSection
	GlobalSection(SolutionProperties) = preSolution
		HideSolutionNode = FALSE
	EndGlobalSection
EndGlobal
